set_global_assignment -name DEVICE EP1S80F1508C6
set_global_assignment -name FAMILY Stratix
set_global_assignment -name INI_VARS "qatm_force_vqm=on;vqmo_gen_svgx_vqm=on"
set_global_assignment -name TOP_LEVEL_ENTITY top
set_global_assignment -name PROJECT_OUTPUT_DIRECTORY "ov5640.runs/synth_1"
set_global_assignment -name PROJECT_CREATION_TIME_DATE "2026-04-27 01:13:18"
set_global_assignment -name VERILOG_FILE "ov5640.srcs/sources_1/new/anguang_enhance_apply.v"
set_global_assignment -name VERILOG_FILE "ov5640.srcs/sources_1/ip/anguang_gain/anguang_gain.v"
set_global_assignment -name VERILOG_FILE "ov5640.srcs/sources_1/new/anguang_guided.v"
set_global_assignment -name VERILOG_FILE "ov5640.srcs/sources_1/imports/uart_cmd_parser.v"
set_global_assignment -name VERILOG_FILE "ov5640.srcs/sources_1/new/top.v"
set_global_assignment -name VERILOG_FILE "ov5640.srcs/sources_1/new/RGB_to_YCbCr.v"
set_global_assignment -name VERILOG_FILE "ov5640.srcs/sources_1/ip/rom_8_256/rom_8_256.v"
set_global_assignment -name VERILOG_FILE "ov5640.srcs/sources_1/new/YCbCr_to_RGB.v"
set_global_assignment -name VERILOG_FILE "ov5640.srcs/sources_1/ip/rom_reciprocal/rom_reciprocal.v"
set_global_assignment -name VERILOG_FILE "ov5640.srcs/sources_1/ip/pll_sdram/pll_sdram.v"
set_global_assignment -name VERILOG_FILE "ov5640.srcs/sources_1/imports/sdram_control.v"
set_global_assignment -name VQM_FILE "ov5640.srcs/sources_1/ip/lpmmult_28_18/lpmmult_28_18.vqm"
set_global_assignment -name VERILOG_FILE "ov5640.srcs/sources_1/new/ov5640_capture.v"
set_global_assignment -name VERILOG_FILE "ov5640.srcs/sources_1/new/ov5640_i2c_init.v"
set_global_assignment -name VERILOG_FILE "ov5640.srcs/sources_1/new/guided_final_rebuild.v"
set_global_assignment -name VERILOG_FILE "ov5640.srcs/sources_1/new/uart_tx.v"
set_global_assignment -name VERILOG_FILE "ov5640.srcs/sources_1/new/bilateral_filtering_proc_to_hdmi.v"
set_global_assignment -name VERILOG_FILE "ov5640.srcs/sources_1/new/anguang_tohdmi.v"
set_global_assignment -name VERILOG_FILE "ov5640.srcs/sources_1/ip/m4k_sync_72b/m4k_sync_72b.v"
set_global_assignment -name VERILOG_FILE "ov5640.srcs/sources_1/ip/m4k_1/m4k_1.v"
set_global_assignment -name VERILOG_FILE "ov5640.srcs/sources_1/new/box_filter_y.v"
set_global_assignment -name VQM_FILE "ov5640.srcs/sources_1/ip/lpmmult_12_8/lpmmult_12_8.vqm"
set_global_assignment -name VERILOG_FILE "ov5640.srcs/sources_1/new/guided_line_buffer_a_b.v"
set_global_assignment -name VQM_FILE "ov5640.srcs/sources_1/ip/shift_delay_32w_16d/shift_delay_32w_16d.vqm"
set_global_assignment -name VERILOG_FILE "ov5640.srcs/sources_1/new/guided_line_buffer.v"
set_global_assignment -name VERILOG_FILE "ov5640.srcs/sources_1/new/bilateral_filtering_Line_buffer.v"
set_global_assignment -name VQM_FILE "ov5640.srcs/sources_1/ip/lpmmult_12_12/lpmmult_12_12.vqm"
set_global_assignment -name VQM_FILE "ov5640.srcs/sources_1/ip/shift_delay_32w_8d/shift_delay_32w_8d.vqm"
set_global_assignment -name VERILOG_FILE "ov5640.srcs/sources_1/new/sdram_top.v"
set_global_assignment -name VQM_FILE "ov5640.srcs/sources_1/ip/lpmmult_16_8/lpmmult_16_8.vqm"
set_global_assignment -name VERILOG_FILE "ov5640.srcs/sources_1/new/hdmi.v"
set_global_assignment -name VQM_FILE "ov5640.srcs/sources_1/ip/lpmmult_8_8/lpmmult_8_8.vqm"
set_global_assignment -name VERILOG_FILE "ov5640.srcs/sources_1/new/sdram_param.v"
set_global_assignment -name VQM_FILE "ov5640.srcs/sources_1/ip/lpmmult_22_13/lpmmult_22_13.vqm"
set_global_assignment -name VERILOG_FILE "ov5640.srcs/sources_1/imports/video_algo_manager.v"
set_global_assignment -name VERILOG_FILE "ov5640.srcs/sources_1/ip/m4k_sync_108b/m4k_sync_108b.v"
set_global_assignment -name VERILOG_FILE "ov5640.srcs/sources_1/ip/sdram_rd_fifo/sdram_rd_fifo.v"
set_global_assignment -name VERILOG_FILE "ov5640.srcs/sources_1/new/bilateral_filtering_Line_buffer_1.v"
set_global_assignment -name VQM_FILE "ov5640.srcs/sources_1/ip/lpmmult_14_13/lpmmult_14_13.vqm"
set_global_assignment -name VERILOG_FILE "ov5640.srcs/sources_1/imports/uart_rx.v"
set_global_assignment -name VERILOG_FILE "ov5640.srcs/sources_1/new/rgb_to_gray.v"
set_global_assignment -name VERILOG_FILE "ov5640.srcs/sources_1/new/rgb2ycbcr.v"
set_global_assignment -name VERILOG_FILE "ov5640.srcs/sources_1/ip/rom_reciprocal_guided/rom_reciprocal_guided.v"
set_global_assignment -name VERILOG_FILE "ov5640.srcs/sources_1/new/i2c_sll9134.v"
set_global_assignment -name VERILOG_FILE "ov5640.srcs/sources_1/ip/sdram_wr_fifo/sdram_wr_fifo.v"
set_global_assignment -name VERILOG_FILE "ov5640.srcs/sources_1/new/bilateral_core.v"
set_global_assignment -name VERILOG_FILE "ov5640.srcs/sources_1/new/guided_to_hdmi.v"
set_global_assignment -name VERILOG_FILE "ov5640.srcs/sources_1/new/meiyan_rebuild.v"
set_global_assignment -name VERILOG_FILE "ov5640.srcs/sources_1/ip/meiyan_rom_reciprocal/meiyan_rom_reciprocal.v"
set_global_assignment -name VERILOG_FILE "ov5640.srcs/sources_1/ip/m4k_sync_64bz/m4k_sync_64bz.v"
set_global_assignment -name VERILOG_FILE "ov5640.srcs/sources_1/ip/m4k_sync_64b/m4k_sync_64b.v"
set_global_assignment -name VQM_FILE "ov5640.srcs/sources_1/ip/lpmmult_18_13/lpmmult_18_13.vqm"
set_global_assignment -name VQM_FILE "ov5640.srcs/sources_1/ip/lpmmult_10x10_signed/lpmmult_10x10_signed.vqm"
set_global_assignment -name VQM_FILE "ov5640.srcs/sources_1/ip/shift_delay_64w_8d/shift_delay_64w_8d.vqm"
set_global_assignment -name VERILOG_FILE "ov5640.srcs/sources_1/imports/cdc_handshake.v"
set_global_assignment -name VQM_FILE "ov5640.srcs/sources_1/ip/lpmmult_13_13_signed/lpmmult_13_13_signed.vqm"
set_global_assignment -name VERILOG_FILE "ov5640.srcs/sources_1/ip/m4k_sync/m4k_sync.v"
set_global_assignment -name VERILOG_FILE "ov5640.srcs/sources_1/new/meiyan_bilateral_core.v"
set_global_assignment -name VERILOG_FILE "ov5640.srcs/sources_1/ip/meiyan_rom_scurve/meiyan_rom_scurve.v"
set_global_assignment -name VQM_FILE "ov5640.srcs/sources_1/ip/lpmmult_24_18/lpmmult_24_18.vqm"
set_global_assignment -name VQM_FILE "ov5640.srcs/sources_1/ip/shift_delay_256w_8d/shift_delay_256w_8d.vqm"
set_global_assignment -name VERILOG_FILE "ov5640.srcs/sources_1/ip/pll_1/pll_1.v"
set_global_assignment -name VERILOG_FILE "ov5640.srcs/sources_1/new/guided_var_a_b.v"
set_global_assignment -name VERILOG_FILE "ov5640.srcs/sources_1/new/box_filter_ab.v"
set_global_assignment -name VERILOG_FILE "ov5640.srcs/sources_1/new/sdram_fifo_ctrl.v"
set_global_assignment -name MAX_RAM_BLOCKS_M512 0
set_global_assignment -name MAX_RAM_BLOCKS_MRAM 0
set_global_assignment -name AUTO_MERGE_PLLS OFF
set_global_assignment -name AUTO_SHIFT_REGISTER_RECOGNITION ALWAYS
set_global_assignment -name AUTO_RAM_RECOGNITION ON
set_global_assignment -name AUTO_ROM_RECOGNITION ON
set_global_assignment -name DSP_BLOCK_BALANCING AUTO
set_global_assignment -name STRATIX_OPTIMIZATION_TECHNIQUE BALANCED
set_global_assignment -name VERILOG_INPUT_VERSION VERILOG_2001
