set_global_assignment -name DEVICE EP1S80F1508C6
set_global_assignment -name FAMILY Stratix
set_global_assignment -name INI_VARS "qatm_force_vqm=on;vqmo_gen_svgx_vqm=on"
set_global_assignment -name TOP_LEVEL_ENTITY top
set_global_assignment -name PROJECT_OUTPUT_DIRECTORY "ov5640.runs/synth_1"
set_global_assignment -name PROJECT_CREATION_TIME_DATE "2026-07-23 01:19:50"
set_global_assignment -name VERILOG_FILE "ov5640.srcs/sources_1/new/i2c_sll9134.v"
set_global_assignment -name VERILOG_FILE "ov5640.srcs/sources_1/imports/phy_reg_config.v"
set_global_assignment -name VERILOG_FILE "ov5640.srcs/sources_1/ip/m4k_sobel_sync/m4k_sobel_sync.v"
set_global_assignment -name VERILOG_FILE "ov5640.srcs/sources_1/new/rgb2hsv.v"
set_global_assignment -name VERILOG_FILE "ov5640.srcs/sources_1/imports/sobel_line_buffer.v"
set_global_assignment -name VERILOG_FILE "ov5640.srcs/sources_1/new/video_algo_manager.v"
set_global_assignment -name VERILOG_FILE "ov5640.srcs/sources_1/new/ov5640_i2c_init.v"
set_global_assignment -name VERILOG_FILE "ov5640.srcs/sources_1/new/hdr_tone_mapping_color.v"
set_global_assignment -name VERILOG_FILE "ov5640.srcs/sources_1/new/ov5640_capture.v"
set_global_assignment -name VERILOG_FILE "ov5640.srcs/sources_1/new/RGB_to_YCbCr.v"
set_global_assignment -name VERILOG_FILE "ov5640.srcs/sources_1/ip/pll_1/pll_1.v"
set_global_assignment -name VERILOG_FILE "ov5640.srcs/sources_1/ip/sdram_wr_fifo/sdram_wr_fifo.v"
set_global_assignment -name VERILOG_FILE "ov5640.srcs/sources_1/new/uart_tx.v"
set_global_assignment -name VERILOG_FILE "ov5640.srcs/sources_1/new/bilateral_core.v"
set_global_assignment -name VERILOG_FILE "ov5640.srcs/sources_1/new/hdmi.v"
set_global_assignment -name VERILOG_FILE "ov5640.srcs/sources_1/new/mean_filter_3x3.v"
set_global_assignment -name VERILOG_FILE "ov5640.srcs/sources_1/imports/sobel_calc.v"
set_global_assignment -name VERILOG_FILE "ov5640.srcs/sources_1/new/sdram_fifo_ctrl.v"
set_global_assignment -name VERILOG_FILE "ov5640.srcs/sources_1/ip/ram_64k_ip/ram_64k_ip.v"
set_global_assignment -name VERILOG_FILE "ov5640.srcs/sources_1/ip/fifo_async_16b/fifo_async_16b.v"
set_global_assignment -name VERILOG_FILE "ov5640.srcs/sources_1/new/YCbCr_to_RGB.v"
set_global_assignment -name VERILOG_FILE "ov5640.srcs/sources_1/new/sdram_param.v"
set_global_assignment -name VERILOG_FILE "ov5640.srcs/sources_1/imports/sdram_control.v"
set_global_assignment -name VERILOG_FILE "ov5640.srcs/sources_1/new/bilateral_filtering_proc_to_hdmi.v"
set_global_assignment -name VERILOG_FILE "ov5640.srcs/sources_1/ip/eth_dcfifo/eth_dcfifo.v"
set_global_assignment -name VERILOG_FILE "ov5640.srcs/sources_1/new/bilateral_filtering_Line_buffer.v"
set_global_assignment -name VERILOG_FILE "ov5640.srcs/sources_1/imports/mdio_com.v"
set_global_assignment -name VERILOG_FILE "ov5640.srcs/sources_1/ip/rom_reciprocal/rom_reciprocal.v"
set_global_assignment -name VQM_FILE "ov5640.srcs/sources_1/ip/hsv_divide/hsv_divide.vqm"
set_global_assignment -name VERILOG_FILE "ov5640.srcs/sources_1/imports/CRC32_D8.v"
set_global_assignment -name VERILOG_FILE "ov5640.srcs/sources_1/new/video_rotator_bram.v"
set_global_assignment -name VERILOG_FILE "ov5640.srcs/sources_1/new/gesture_recognition.v"
set_global_assignment -name VERILOG_FILE "ov5640.srcs/sources_1/ip/map_table/map_table.v"
set_global_assignment -name VERILOG_FILE "ov5640.srcs/sources_1/ip/sdram_rd_fifo/sdram_rd_fifo.v"
set_global_assignment -name VERILOG_FILE "ov5640.srcs/sources_1/ip/m4k_sync/m4k_sync.v"
set_global_assignment -name VERILOG_FILE "ov5640.srcs/sources_1/new/ram_large_192k.v"
set_global_assignment -name VERILOG_FILE "ov5640.srcs/sources_1/new/uart_cmd_parser.v"
set_global_assignment -name VERILOG_FILE "ov5640.srcs/sources_1/ip/hist_ram/hist_ram.v"
set_global_assignment -name VERILOG_FILE "ov5640.srcs/sources_1/new/cdc_handshake.v"
set_global_assignment -name VERILOG_FILE "ov5640.srcs/sources_1/new/sdram_top.v"
set_global_assignment -name VERILOG_FILE "ov5640.srcs/sources_1/new/sdram_top_100M.v"
set_global_assignment -name VERILOG_FILE "ov5640.srcs/sources_1/ip/line_buffer/line_buffer.v"
set_global_assignment -name VERILOG_FILE "ov5640.srcs/sources_1/new/sdram_control_100M.v"
set_global_assignment -name VERILOG_FILE "ov5640.srcs/sources_1/ip/rom_8_256/rom_8_256.v"
set_global_assignment -name VERILOG_FILE "ov5640.srcs/sources_1/new/top.v"
set_global_assignment -name VERILOG_FILE "ov5640.srcs/sources_1/new/histogram_equalization.v"
set_global_assignment -name VERILOG_FILE "ov5640.srcs/sources_1/imports/UDP_Send.v"
set_global_assignment -name VERILOG_FILE "ov5640.srcs/sources_1/ip/pll_sdram/pll_sdram.v"
set_global_assignment -name VERILOG_FILE "ov5640.srcs/sources_1/new/gray_morphology.v"
set_global_assignment -name VERILOG_FILE "ov5640.srcs/sources_1/new/rgb2ycbcr.v"
set_global_assignment -name VERILOG_FILE "ov5640.srcs/sources_1/new/uart_rx.v"
set_global_assignment -name MAX_RAM_BLOCKS_M512 0
set_global_assignment -name MAX_RAM_BLOCKS_MRAM 0
set_global_assignment -name AUTO_MERGE_PLLS OFF
set_global_assignment -name AUTO_RAM_RECOGNITION ON
set_global_assignment -name AUTO_ROM_RECOGNITION ON
set_global_assignment -name DSP_BLOCK_BALANCING AUTO
set_global_assignment -name STRATIX_OPTIMIZATION_TECHNIQUE BALANCED
set_global_assignment -name VERILOG_INPUT_VERSION VERILOG_2001
